
Microsoft Visual Studio Solution File, Format Version 12.00
# Visual Studio Version 16
VisualStudioVersion = 16.0.29709.97
MinimumVisualStudioVersion = 10.0.40219.1
Project("{FAE04EC0-301F-11D3-BF4B-00C04F79EFBC}") = "MVCProjectMain2", "MVCProjectMain2\MVCProjectMain2.csproj", "{A4EB4E65-3585-4AE1-8299-2F0495E844F5}"
EndProject
Global
	GlobalSection(SolutionConfigurationPlatforms) = preSolution
		Debug|Any CPU = Debug|Any CPU
		Release|Any CPU = Release|Any CPU
	EndGlobalSection
	GlobalSection(ProjectConfigurationPlatforms) = postSolution
		{A4EB4E65-3585-4AE1-8299-2F0495E844F5}.Debug|Any CPU.ActiveCfg = Debug|Any CPU
		{A4EB4E65-3585-4AE1-8299-2F0495E844F5}.Debug|Any CPU.Build.0 = Debug|Any CPU
		{A4EB4E65-3585-4AE1-8299-2F0495E844F5}.Release|Any CPU.ActiveCfg = Release|Any CPU
		{A4EB4E65-3585-4AE1-8299-2F0495E844F5}.Release|Any CPU.Build.0 = Release|Any CPU
	EndGlobalSection
	GlobalSection(SolutionProperties) = preSolution
		HideSolutionNode = FALSE
	EndGlobalSection
	GlobalSection(ExtensibilityGlobals) = postSolution
		SolutionGuid = {C4C42C36-4B8B-40B2-9BE3-E4FDAD896BE6}
	EndGlobalSection
EndGlobal
